{
  "name": "vso-task-google-play-promote",
  "version": "1.0.0",
  "lockfileVersion": 1,
  "requires": true,
  "dependencies": {
    "utility-common": {
      "version": "file:../../_build/Tasks/Common/utility-common",
      "requires": {
        "azure-pipelines-task-lib": "2.8.0",
        "googleapis": "41.0.0"
      }
    }
  }
}
